// !$*UTF8*$!
{
	archiveVersion = 1;
	classes = {
	};
	objectVersion = 48;
	objects = {

/* Begin PBXBuildFile section */
		BB6BC24E1FD1DF5800482DBA /* StudentDetailTableViewController.swift in Sources */ = {isa = PBXBuildFile; fileRef = BB6BC24D1FD1DF5800482DBA /* StudentDetailTableViewController.swift */; };
		BB6BC2521FD46A0F00482DBA /* CourseListTableViewController.swift in Sources */ = {isa = PBXBuildFile; fileRef = BB6BC2511FD46A0F00482DBA /* CourseListTableViewController.swift */; };
		BB6BC2541FD4747200482DBA /* CourseDetailTableViewController.swift in Sources */ = {isa = PBXBuildFile; fileRef = BB6BC2531FD4747200482DBA /* CourseDetailTableViewController.swift */; };
		BB6BC2601FD5BB1D00482DBA /* JournalTableViewController.swift in Sources */ = {isa = PBXBuildFile; fileRef = BB6BC25F1FD5BB1D00482DBA /* JournalTableViewController.swift */; };
		BB74F76F1FD86D7700485F6D /* SaverWithErrorMessage.swift in Sources */ = {isa = PBXBuildFile; fileRef = BB74F76E1FD86D7700485F6D /* SaverWithErrorMessage.swift */; };
		BB90C2F41FD06EAC00012F5E /* AppDelegate.swift in Sources */ = {isa = PBXBuildFile; fileRef = BB90C2F31FD06EAC00012F5E /* AppDelegate.swift */; };
		BB90C2F91FD06EAC00012F5E /* Main.storyboard in Resources */ = {isa = PBXBuildFile; fileRef = BB90C2F71FD06EAC00012F5E /* Main.storyboard */; };
		BB90C2FC1FD06EAC00012F5E /* HomeWorkCoreData.xcdatamodeld in Sources */ = {isa = PBXBuildFile; fileRef = BB90C2FA1FD06EAC00012F5E /* HomeWorkCoreData.xcdatamodeld */; };
		BB90C2FE1FD06EAC00012F5E /* Assets.xcassets in Resources */ = {isa = PBXBuildFile; fileRef = BB90C2FD1FD06EAC00012F5E /* Assets.xcassets */; };
		BB90C3011FD06EAC00012F5E /* LaunchScreen.storyboard in Resources */ = {isa = PBXBuildFile; fileRef = BB90C2FF1FD06EAC00012F5E /* LaunchScreen.storyboard */; };
		BB90C3091FD0A23000012F5E /* ListStudentTableViewController.swift in Sources */ = {isa = PBXBuildFile; fileRef = BB90C3081FD0A23000012F5E /* ListStudentTableViewController.swift */; };
/* End PBXBuildFile section */

/* Begin PBXFileReference section */
		BB6BC24D1FD1DF5800482DBA /* StudentDetailTableViewController.swift */ = {isa = PBXFileReference; lastKnownFileType = sourcecode.swift; path = StudentDetailTableViewController.swift; sourceTree = "<group>"; };
		BB6BC2511FD46A0F00482DBA /* CourseListTableViewController.swift */ = {isa = PBXFileReference; lastKnownFileType = sourcecode.swift; path = CourseListTableViewController.swift; sourceTree = "<group>"; };
		BB6BC2531FD4747200482DBA /* CourseDetailTableViewController.swift */ = {isa = PBXFileReference; lastKnownFileType = sourcecode.swift; path = CourseDetailTableViewController.swift; sourceTree = "<group>"; };
		BB6BC25F1FD5BB1D00482DBA /* JournalTableViewController.swift */ = {isa = PBXFileReference; lastKnownFileType = sourcecode.swift; path = JournalTableViewController.swift; sourceTree = "<group>"; };
		BB74F76E1FD86D7700485F6D /* SaverWithErrorMessage.swift */ = {isa = PBXFileReference; lastKnownFileType = sourcecode.swift; path = SaverWithErrorMessage.swift; sourceTree = "<group>"; };
		BB90C2F01FD06EAC00012F5E /* HomeWorkCoreData.app */ = {isa = PBXFileReference; explicitFileType = wrapper.application; includeInIndex = 0; path = HomeWorkCoreData.app; sourceTree = BUILT_PRODUCTS_DIR; };
		BB90C2F31FD06EAC00012F5E /* AppDelegate.swift */ = {isa = PBXFileReference; lastKnownFileType = sourcecode.swift; path = AppDelegate.swift; sourceTree = "<group>"; };
		BB90C2F81FD06EAC00012F5E /* Base */ = {isa = PBXFileReference; lastKnownFileType = file.storyboard; name = Base; path = Base.lproj/Main.storyboard; sourceTree = "<group>"; };
		BB90C2FB1FD06EAC00012F5E /* HomeWorkCoreData.xcdatamodel */ = {isa = PBXFileReference; lastKnownFileType = wrapper.xcdatamodel; path = HomeWorkCoreData.xcdatamodel; sourceTree = "<group>"; };
		BB90C2FD1FD06EAC00012F5E /* Assets.xcassets */ = {isa = PBXFileReference; lastKnownFileType = folder.assetcatalog; path = Assets.xcassets; sourceTree = "<group>"; };
		BB90C3001FD06EAC00012F5E /* Base */ = {isa = PBXFileReference; lastKnownFileType = file.storyboard; name = Base; path = Base.lproj/LaunchScreen.storyboard; sourceTree = "<group>"; };
		BB90C3021FD06EAC00012F5E /* Info.plist */ = {isa = PBXFileReference; lastKnownFileType = text.plist.xml; path = Info.plist; sourceTree = "<group>"; };
		BB90C3081FD0A23000012F5E /* ListStudentTableViewController.swift */ = {isa = PBXFileReference; lastKnownFileType = sourcecode.swift; path = ListStudentTableViewController.swift; sourceTree = "<group>"; };
/* End PBXFileReference section */

/* Begin PBXFrameworksBuildPhase section */
		BB90C2ED1FD06EAC00012F5E /* Frameworks */ = {
			isa = PBXFrameworksBuildPhase;
			buildActionMask = 2147483647;
			files = (
			);
			runOnlyForDeploymentPostprocessing = 0;
		};
/* End PBXFrameworksBuildPhase section */

/* Begin PBXGroup section */
		BB74F76D1FD86CA600485F6D /* CoreLayer */ = {
			isa = PBXGroup;
			children = (
				BB74F76E1FD86D7700485F6D /* SaverWithErrorMessage.swift */,
			);
			path = CoreLayer;
			sourceTree = "<group>";
		};
		BB90C2E71FD06EAC00012F5E = {
			isa = PBXGroup;
			children = (
				BB90C2F21FD06EAC00012F5E /* HomeWorkCoreData */,
				BB90C2F11FD06EAC00012F5E /* Products */,
			);
			sourceTree = "<group>";
		};
		BB90C2F11FD06EAC00012F5E /* Products */ = {
			isa = PBXGroup;
			children = (
				BB90C2F01FD06EAC00012F5E /* HomeWorkCoreData.app */,
			);
			name = Products;
			sourceTree = "<group>";
		};
		BB90C2F21FD06EAC00012F5E /* HomeWorkCoreData */ = {
			isa = PBXGroup;
			children = (
				BB74F76D1FD86CA600485F6D /* CoreLayer */,
				BB90C2F31FD06EAC00012F5E /* AppDelegate.swift */,
				BB6BC2511FD46A0F00482DBA /* CourseListTableViewController.swift */,
				BB6BC24D1FD1DF5800482DBA /* StudentDetailTableViewController.swift */,
				BB90C3081FD0A23000012F5E /* ListStudentTableViewController.swift */,
				BB6BC25F1FD5BB1D00482DBA /* JournalTableViewController.swift */,
				BB6BC2531FD4747200482DBA /* CourseDetailTableViewController.swift */,
				BB90C2F71FD06EAC00012F5E /* Main.storyboard */,
				BB90C2FD1FD06EAC00012F5E /* Assets.xcassets */,
				BB90C2FF1FD06EAC00012F5E /* LaunchScreen.storyboard */,
				BB90C3021FD06EAC00012F5E /* Info.plist */,
				BB90C2FA1FD06EAC00012F5E /* HomeWorkCoreData.xcdatamodeld */,
			);
			path = HomeWorkCoreData;
			sourceTree = "<group>";
		};
/* End PBXGroup section */

/* Begin PBXNativeTarget section */
		BB90C2EF1FD06EAC00012F5E /* HomeWorkCoreData */ = {
			isa = PBXNativeTarget;
			buildConfigurationList = BB90C3051FD06EAC00012F5E /* Build configuration list for PBXNativeTarget "HomeWorkCoreData" */;
			buildPhases = (
				BB90C2EC1FD06EAC00012F5E /* Sources */,
				BB90C2ED1FD06EAC00012F5E /* Frameworks */,
				BB90C2EE1FD06EAC00012F5E /* Resources */,
			);
			buildRules = (
			);
			dependencies = (
			);
			name = HomeWorkCoreData;
			productName = HomeWorkCoreData;
			productReference = BB90C2F01FD06EAC00012F5E /* HomeWorkCoreData.app */;
			productType = "com.apple.product-type.application";
		};
/* End PBXNativeTarget section */

/* Begin PBXProject section */
		BB90C2E81FD06EAC00012F5E /* Project object */ = {
			isa = PBXProject;
			attributes = {
				LastSwiftUpdateCheck = 0910;
				LastUpgradeCheck = 0910;
				ORGANIZATIONNAME = "Gregory Oberemkov";
				TargetAttributes = {
					BB90C2EF1FD06EAC00012F5E = {
						CreatedOnToolsVersion = 9.1;
						ProvisioningStyle = Automatic;
					};
				};
			};
			buildConfigurationList = BB90C2EB1FD06EAC00012F5E /* Build configuration list for PBXProject "HomeWorkCoreData" */;
			compatibilityVersion = "Xcode 8.0";
			developmentRegion = en;
			hasScannedForEncodings = 0;
			knownRegions = (
				en,
				Base,
			);
			mainGroup = BB90C2E71FD06EAC00012F5E;
			productRefGroup = BB90C2F11FD06EAC00012F5E /* Products */;
			projectDirPath = "";
			projectRoot = "";
			targets = (
				BB90C2EF1FD06EAC00012F5E /* HomeWorkCoreData */,
			);
		};
/* End PBXProject section */

/* Begin PBXResourcesBuildPhase section */
		BB90C2EE1FD06EAC00012F5E /* Resources */ = {
			isa = PBXResourcesBuildPhase;
			buildActionMask = 2147483647;
			files = (
				BB90C3011FD06EAC00012F5E /* LaunchScreen.storyboard in Resources */,
				BB90C2FE1FD06EAC00012F5E /* Assets.xcassets in Resources */,
				BB90C2F91FD06EAC00012F5E /* Main.storyboard in Resources */,
			);
			runOnlyForDeploymentPostprocessing = 0;
		};
/* End PBXResourcesBuildPhase section */

/* Begin PBXSourcesBuildPhase section */
		BB90C2EC1FD06EAC00012F5E /* Sources */ = {
			isa = PBXSourcesBuildPhase;
			buildActionMask = 2147483647;
			files = (
				BB6BC24E1FD1DF5800482DBA /* StudentDetailTableViewController.swift in Sources */,
				BB90C2FC1FD06EAC00012F5E /* HomeWorkCoreData.xcdatamodeld in Sources */,
				BB6BC2541FD4747200482DBA /* CourseDetailTableViewController.swift in Sources */,
				BB6BC2521FD46A0F00482DBA /* CourseListTableViewController.swift in Sources */,
				BB90C3091FD0A23000012F5E /* ListStudentTableViewController.swift in Sources */,
				BB6BC2601FD5BB1D00482DBA /* JournalTableViewController.swift in Sources */,
				BB74F76F1FD86D7700485F6D /* SaverWithErrorMessage.swift in Sources */,
				BB90C2F41FD06EAC00012F5E /* AppDelegate.swift in Sources */,
			);
			runOnlyForDeploymentPostprocessing = 0;
		};
/* End PBXSourcesBuildPhase section */

/* Begin PBXVariantGroup section */
		BB90C2F71FD06EAC00012F5E /* Main.storyboard */ = {
			isa = PBXVariantGroup;
			children = (
				BB90C2F81FD06EAC00012F5E /* Base */,
			);
			name = Main.storyboard;
			sourceTree = "<group>";
		};
		BB90C2FF1FD06EAC00012F5E /* LaunchScreen.storyboard */ = {
			isa = PBXVariantGroup;
			children = (
				BB90C3001FD06EAC00012F5E /* Base */,
			);
			name = LaunchScreen.storyboard;
			sourceTree = "<group>";
		};
/* End PBXVariantGroup section */

/* Begin XCBuildConfiguration section */
		BB90C3031FD06EAC00012F5E /* Debug */ = {
			isa = XCBuildConfiguration;
			buildSettings = {
				ALWAYS_SEARCH_USER_PATHS = NO;
				CLANG_ANALYZER_NONNULL = YES;
				CLANG_ANALYZER_NUMBER_OBJECT_CONVERSION = YES_AGGRESSIVE;
				CLANG_CXX_LANGUAGE_STANDARD = "gnu++14";
				CLANG_CXX_LIBRARY = "libc++";
				CLANG_ENABLE_MODULES = YES;
				CLANG_ENABLE_OBJC_ARC = YES;
				CLANG_WARN_BLOCK_CAPTURE_AUTORELEASING = YES;
				CLANG_WARN_BOOL_CONVERSION = YES;
				CLANG_WARN_COMMA = YES;
				CLANG_WARN_CONSTANT_CONVERSION = YES;
				CLANG_WARN_DIRECT_OBJC_ISA_USAGE = YES_ERROR;
				CLANG_WARN_DOCUMENTATION_COMMENTS = YES;
				CLANG_WARN_EMPTY_BODY = YES;
				CLANG_WARN_ENUM_CONVERSION = YES;
				CLANG_WARN_INFINITE_RECURSION = YES;
				CLANG_WARN_INT_CONVERSION = YES;
				CLANG_WARN_NON_LITERAL_NULL_CONVERSION = YES;
				CLANG_WARN_OBJC_LITERAL_CONVERSION = YES;
				CLANG_WARN_OBJC_ROOT_CLASS = YES_ERROR;
				CLANG_WARN_RANGE_LOOP_ANALYSIS = YES;
				CLANG_WARN_STRICT_PROTOTYPES = YES;
				CLANG_WARN_SUSPICIOUS_MOVE = YES;
				CLANG_WARN_UNGUARDED_AVAILABILITY = YES_AGGRESSIVE;
				CLANG_WARN_UNREACHABLE_CODE = YES;
				CLANG_WARN__DUPLICATE_METHOD_MATCH = YES;
				CODE_SIGN_IDENTITY = "iPhone Developer";
				COPY_PHASE_STRIP = NO;
				DEBUG_INFORMATION_FORMAT = dwarf;
				ENABLE_STRICT_OBJC_MSGSEND = YES;
				ENABLE_TESTABILITY = YES;
				GCC_C_LANGUAGE_STANDARD = gnu11;
				GCC_DYNAMIC_NO_PIC = NO;
				GCC_NO_COMMON_BLOCKS = YES;
				GCC_OPTIMIZATION_LEVEL = 0;
				GCC_PREPROCESSOR_DEFINITIONS = (
					"DEBUG=1",
					"$(inherited)",
				);
				GCC_WARN_64_TO_32_BIT_CONVERSION = YES;
				GCC_WARN_ABOUT_RETURN_TYPE = YES_ERROR;
				GCC_WARN_UNDECLARED_SELECTOR = YES;
				GCC_WARN_UNINITIALIZED_AUTOS = YES_AGGRESSIVE;
				GCC_WARN_UNUSED_FUNCTION = YES;
				GCC_WARN_UNUSED_VARIABLE = YES;
				IPHONEOS_DEPLOYMENT_TARGET = 11.1;
				MTL_ENABLE_DEBUG_INFO = YES;
				ONLY_ACTIVE_ARCH = YES;
				SDKROOT = iphoneos;
				SWIFT_ACTIVE_COMPILATION_CONDITIONS = DEBUG;
				SWIFT_OPTIMIZATION_LEVEL = "-Onone";
			};
			name = Debug;
		};
		BB90C3041FD06EAC00012F5E /* Release */ = {
			isa = XCBuildConfiguration;
			buildSettings = {
				ALWAYS_SEARCH_USER_PATHS = NO;
				CLANG_ANALYZER_NONNULL = YES;
				CLANG_ANALYZER_NUMBER_OBJECT_CONVERSION = YES_AGGRESSIVE;
				CLANG_CXX_LANGUAGE_STANDARD = "gnu++14";
				CLANG_CXX_LIBRARY = "libc++";
				CLANG_ENABLE_MODULES = YES;
				CLANG_ENABLE_OBJC_ARC = YES;
				CLANG_WARN_BLOCK_CAPTURE_AUTORELEASING = YES;
				CLANG_WARN_BOOL_CONVERSION = YES;
				CLANG_WARN_COMMA = YES;
				CLANG_WARN_CONSTANT_CONVERSION = YES;
				CLANG_WARN_DIRECT_OBJC_ISA_USAGE = YES_ERROR;
				CLANG_WARN_DOCUMENTATION_COMMENTS = YES;
				CLANG_WARN_EMPTY_BODY = YES;
				CLANG_WARN_ENUM_CONVERSION = YES;
				CLANG_WARN_INFINITE_RECURSION = YES;
				CLANG_WARN_INT_CONVERSION = YES;
				CLANG_WARN_NON_LITERAL_NULL_CONVERSION = YES;
				CLANG_WARN_OBJC_LITERAL_CONVERSION = YES;
				CLANG_WARN_OBJC_ROOT_CLASS = YES_ERROR;
				CLANG_WARN_RANGE_LOOP_ANALYSIS = YES;
				CLANG_WARN_STRICT_PROTOTYPES = YES;
				CLANG_WARN_SUSPICIOUS_MOVE = YES;
				CLANG_WARN_UNGUARDED_AVAILABILITY = YES_AGGRESSIVE;
				CLANG_WARN_UNREACHABLE_CODE = YES;
				CLANG_WARN__DUPLICATE_METHOD_MATCH = YES;
				CODE_SIGN_IDENTITY = "iPhone Developer";
				COPY_PHASE_STRIP = NO;
				DEBUG_INFORMATION_FORMAT = "dwarf-with-dsym";
				ENABLE_NS_ASSERTIONS = NO;
				ENABLE_STRICT_OBJC_MSGSEND = YES;
				GCC_C_LANGUAGE_STANDARD = gnu11;
				GCC_NO_COMMON_BLOCKS = YES;
				GCC_WARN_64_TO_32_BIT_CONVERSION = YES;
				GCC_WARN_ABOUT_RETURN_TYPE = YES_ERROR;
				GCC_WARN_UNDECLARED_SELECTOR = YES;
				GCC_WARN_UNINITIALIZED_AUTOS = YES_AGGRESSIVE;
				GCC_WARN_UNUSED_FUNCTION = YES;
				GCC_WARN_UNUSED_VARIABLE = YES;
				IPHONEOS_DEPLOYMENT_TARGET = 11.1;
				MTL_ENABLE_DEBUG_INFO = NO;
				SDKROOT = iphoneos;
				SWIFT_OPTIMIZATION_LEVEL = "-Owholemodule";
				VALIDATE_PRODUCT = YES;
			};
			name = Release;
		};
		BB90C3061FD06EAC00012F5E /* Debug */ = {
			isa = XCBuildConfiguration;
			buildSettings = {
				ASSETCATALOG_COMPILER_APPICON_NAME = AppIcon;
				CODE_SIGN_STYLE = Automatic;
				DEVELOPMENT_TEAM = KJ28DR5WWZ;
				INFOPLIST_FILE = HomeWorkCoreData/Info.plist;
				LD_RUNPATH_SEARCH_PATHS = "$(inherited) @executable_path/Frameworks";
				PRODUCT_BUNDLE_IDENTIFIER = G.F.Oberemkov.HomeWorkCoreData;
				PRODUCT_NAME = "$(TARGET_NAME)";
				SWIFT_VERSION = 4.0;
				TARGETED_DEVICE_FAMILY = "1,2";
			};
			name = Debug;
		};
		BB90C3071FD06EAC00012F5E /* Release */ = {
			isa = XCBuildConfiguration;
			buildSettings = {
				ASSETCATALOG_COMPILER_APPICON_NAME = AppIcon;
				CODE_SIGN_STYLE = Automatic;
				DEVELOPMENT_TEAM = KJ28DR5WWZ;
				INFOPLIST_FILE = HomeWorkCoreData/Info.plist;
				LD_RUNPATH_SEARCH_PATHS = "$(inherited) @executable_path/Frameworks";
				PRODUCT_BUNDLE_IDENTIFIER = G.F.Oberemkov.HomeWorkCoreData;
				PRODUCT_NAME = "$(TARGET_NAME)";
				SWIFT_VERSION = 4.0;
				TARGETED_DEVICE_FAMILY = "1,2";
			};
			name = Release;
		};
/* End XCBuildConfiguration section */

/* Begin XCConfigurationList section */
		BB90C2EB1FD06EAC00012F5E /* Build configuration list for PBXProject "HomeWorkCoreData" */ = {
			isa = XCConfigurationList;
			buildConfigurations = (
				BB90C3031FD06EAC00012F5E /* Debug */,
				BB90C3041FD06EAC00012F5E /* Release */,
			);
			defaultConfigurationIsVisible = 0;
			defaultConfigurationName = Release;
		};
		BB90C3051FD06EAC00012F5E /* Build configuration list for PBXNativeTarget "HomeWorkCoreData" */ = {
			isa = XCConfigurationList;
			buildConfigurations = (
				BB90C3061FD06EAC00012F5E /* Debug */,
				BB90C3071FD06EAC00012F5E /* Release */,
			);
			defaultConfigurationIsVisible = 0;
			defaultConfigurationName = Release;
		};
/* End XCConfigurationList section */

/* Begin XCVersionGroup section */
		BB90C2FA1FD06EAC00012F5E /* HomeWorkCoreData.xcdatamodeld */ = {
			isa = XCVersionGroup;
			children = (
				BB90C2FB1FD06EAC00012F5E /* HomeWorkCoreData.xcdatamodel */,
			);
			currentVersion = BB90C2FB1FD06EAC00012F5E /* HomeWorkCoreData.xcdatamodel */;
			path = HomeWorkCoreData.xcdatamodeld;
			sourceTree = "<group>";
			versionGroupType = wrapper.xcdatamodel;
		};
/* End XCVersionGroup section */
	};
	rootObject = BB90C2E81FD06EAC00012F5E /* Project object */;
}
